Microsoft Visual Studio Solution File, Format Version 12.00
# Visual Studio Version 17
VisualStudioVersion = 17.5.2.0
MinimumVisualStudioVersion = 10.0.40219.1
Project("{2150E333-8FDC-42A3-9474-1A3956D46DE8}") = "compat", "compat", "{8DAABD4A-9466-E508-005B-9984CD970E9A}"
EndProject
Project("{FAE04EC0-301F-11D3-BF4B-00C04F79EFBC}") = "Neo.VM.Riscv.Tests", "compat\Neo.VM.Riscv.Tests\Neo.VM.Riscv.Tests.csproj", "{F14D8FF6-7A64-5AC6-E000-FC392A654E40}"
EndProject
Global
	GlobalSection(SolutionConfigurationPlatforms) = preSolution
		Debug|Any CPU = Debug|Any CPU
		Release|Any CPU = Release|Any CPU
	EndGlobalSection
	GlobalSection(ProjectConfigurationPlatforms) = postSolution
		{F14D8FF6-7A64-5AC6-E000-FC392A654E40}.Debug|Any CPU.ActiveCfg = Debug|Any CPU
		{F14D8FF6-7A64-5AC6-E000-FC392A654E40}.Debug|Any CPU.Build.0 = Debug|Any CPU
		{F14D8FF6-7A64-5AC6-E000-FC392A654E40}.Release|Any CPU.ActiveCfg = Release|Any CPU
		{F14D8FF6-7A64-5AC6-E000-FC392A654E40}.Release|Any CPU.Build.0 = Release|Any CPU
	EndGlobalSection
	GlobalSection(SolutionProperties) = preSolution
		HideSolutionNode = FALSE
	EndGlobalSection
	GlobalSection(NestedProjects) = preSolution
		{F14D8FF6-7A64-5AC6-E000-FC392A654E40} = {8DAABD4A-9466-E508-005B-9984CD970E9A}
	EndGlobalSection
	GlobalSection(ExtensibilityGlobals) = postSolution
		SolutionGuid = {07D9C843-58EF-41DF-9EA8-065187CDBD2E}
	EndGlobalSection
EndGlobal
